
Microsoft Visual Studio Solution File, Format Version 12.00
# Visual Studio Version 16
VisualStudioVersion = 16.0.32106.194
MinimumVisualStudioVersion = 10.0.40219.1
Project("{2150E333-8FDC-42A3-9474-1A3956D46DE8}") = "src", "src", "{D3961195-63B6-43B9-8560-420BF011ED33}"
EndProject
Project("{2150E333-8FDC-42A3-9474-1A3956D46DE8}") = "tests", "tests", "{F71521F6-53BA-4DD8-BFBF-35767564C107}"
EndProject
Project("{2150E333-8FDC-42A3-9474-1A3956D46DE8}") = "Domain", "Domain", "{40B809FD-4815-4BD5-A97B-4DDBCE03AF5C}"
EndProject
Project("{2150E333-8FDC-42A3-9474-1A3956D46DE8}") = "Application", "Application", "{9446A04F-3AAD-483B-9449-3B87AC387541}"
EndProject
Project("{2150E333-8FDC-42A3-9474-1A3956D46DE8}") = "Application", "Application", "{72111A42-DFC6-4578-8D1E-D2BB170974DB}"
EndProject
Project("{2150E333-8FDC-42A3-9474-1A3956D46DE8}") = "Domain", "Domain", "{6FA8260B-3CB8-4A91-88F3-FC8A66EDB71E}"
EndProject
Project("{2150E333-8FDC-42A3-9474-1A3956D46DE8}") = "E2E", "E2E", "{FD35DC40-2A93-4D60-8CE9-625CEA088475}"
EndProject
Project("{9A19103F-16F7-4668-BE54-9A1E7A4F7556}") = "Inventory.Tests.E2E", "tests\E2E\Inventory.Tests.E2E\Inventory.Tests.E2E.csproj", "{9B933AE6-7B2A-4451-8BB5-3E71093FF03E}"
EndProject
Project("{9A19103F-16F7-4668-BE54-9A1E7A4F7556}") = "IM.Domain", "src\Domain\IM.Domain\IM.Domain.csproj", "{9EDCE6AA-C472-4945-853D-C16CC5825052}"
EndProject
Project("{9A19103F-16F7-4668-BE54-9A1E7A4F7556}") = "IM.Domain.Tests.Unit", "tests\Domain\IM.Domain.Tests.Unit\IM.Domain.Tests.Unit.csproj", "{DFD638C7-06E9-4BA0-BE2C-E5F59F9A4BF6}"
EndProject
Project("{9A19103F-16F7-4668-BE54-9A1E7A4F7556}") = "IM.Application.Tests.Unit", "tests\Application\IM.Application.Tests.Unit\IM.Application.Tests.Unit.csproj", "{1A315883-4016-43AC-9016-371D4025C9AC}"
EndProject
Project("{9A19103F-16F7-4668-BE54-9A1E7A4F7556}") = "IM.Application.Contract", "src\Application\IM.Application.Contract\IM.Application.Contract.csproj", "{3E34544E-298E-4B8A-A93F-54A4BA1D0AA8}"
EndProject
Project("{9A19103F-16F7-4668-BE54-9A1E7A4F7556}") = "IM.Application", "src\Application\IM.Application\IM.Application.csproj", "{E1F24F47-A05F-488A-AD23-E75582FB80EA}"
EndProject
Project("{2150E333-8FDC-42A3-9474-1A3956D46DE8}") = "Presentation", "Presentation", "{4AB6BD46-17AE-4BDF-9845-5D01D3AC152B}"
EndProject
Project("{9A19103F-16F7-4668-BE54-9A1E7A4F7556}") = "IM.Presentation.Tests.Unit", "tests\Presentation\IM.Presentation.Tests.Unit\IM.Presentation.Tests.Unit.csproj", "{91491989-5A0E-4F6B-A792-2E5DFD5C146C}"
EndProject
Project("{2150E333-8FDC-42A3-9474-1A3956D46DE8}") = "Presentation", "Presentation", "{F3D8C28C-0CFF-4556-8F18-E261841A0E11}"
EndProject
Project("{9A19103F-16F7-4668-BE54-9A1E7A4F7556}") = "IM.Presentation", "src\Presentation\IM.Presentation\IM.Presentation.csproj", "{CD684E9F-0109-430C-AE82-BC9E3223CB99}"
EndProject
Project("{2150E333-8FDC-42A3-9474-1A3956D46DE8}") = "Infrastructure", "Infrastructure", "{57844945-27F6-4187-B98E-23DAFB0CE723}"
EndProject
Project("{FAE04EC0-301F-11D3-BF4B-00C04F79EFBC}") = "IM.Infrastructure", "src\Infrastructure\IM.Infrastructure\IM.Infrastructure.csproj", "{AE8F5333-3695-4DBB-8D3F-5A4DC4129574}"
EndProject
Project("{FAE04EC0-301F-11D3-BF4B-00C04F79EFBC}") = "IM.Presentation.Tests.Integration", "tests\Presentation\IM.Presentation.Tests.Integration\IM.Presentation.Tests.Integration.csproj", "{D9220C57-0C8A-4041-BB9D-0EB2765A2D07}"
EndProject
Global
	GlobalSection(SolutionConfigurationPlatforms) = preSolution
		Debug|Any CPU = Debug|Any CPU
		Release|Any CPU = Release|Any CPU
	EndGlobalSection
	GlobalSection(ProjectConfigurationPlatforms) = postSolution
		{9B933AE6-7B2A-4451-8BB5-3E71093FF03E}.Debug|Any CPU.ActiveCfg = Debug|Any CPU
		{9B933AE6-7B2A-4451-8BB5-3E71093FF03E}.Debug|Any CPU.Build.0 = Debug|Any CPU
		{9B933AE6-7B2A-4451-8BB5-3E71093FF03E}.Release|Any CPU.ActiveCfg = Release|Any CPU
		{9B933AE6-7B2A-4451-8BB5-3E71093FF03E}.Release|Any CPU.Build.0 = Release|Any CPU
		{9EDCE6AA-C472-4945-853D-C16CC5825052}.Debug|Any CPU.ActiveCfg = Debug|Any CPU
		{9EDCE6AA-C472-4945-853D-C16CC5825052}.Debug|Any CPU.Build.0 = Debug|Any CPU
		{9EDCE6AA-C472-4945-853D-C16CC5825052}.Release|Any CPU.ActiveCfg = Release|Any CPU
		{9EDCE6AA-C472-4945-853D-C16CC5825052}.Release|Any CPU.Build.0 = Release|Any CPU
		{DFD638C7-06E9-4BA0-BE2C-E5F59F9A4BF6}.Debug|Any CPU.ActiveCfg = Debug|Any CPU
		{DFD638C7-06E9-4BA0-BE2C-E5F59F9A4BF6}.Debug|Any CPU.Build.0 = Debug|Any CPU
		{DFD638C7-06E9-4BA0-BE2C-E5F59F9A4BF6}.Release|Any CPU.ActiveCfg = Release|Any CPU
		{DFD638C7-06E9-4BA0-BE2C-E5F59F9A4BF6}.Release|Any CPU.Build.0 = Release|Any CPU
		{1A315883-4016-43AC-9016-371D4025C9AC}.Debug|Any CPU.ActiveCfg = Debug|Any CPU
		{1A315883-4016-43AC-9016-371D4025C9AC}.Debug|Any CPU.Build.0 = Debug|Any CPU
		{1A315883-4016-43AC-9016-371D4025C9AC}.Release|Any CPU.ActiveCfg = Release|Any CPU
		{1A315883-4016-43AC-9016-371D4025C9AC}.Release|Any CPU.Build.0 = Release|Any CPU
		{3E34544E-298E-4B8A-A93F-54A4BA1D0AA8}.Debug|Any CPU.ActiveCfg = Debug|Any CPU
		{3E34544E-298E-4B8A-A93F-54A4BA1D0AA8}.Debug|Any CPU.Build.0 = Debug|Any CPU
		{3E34544E-298E-4B8A-A93F-54A4BA1D0AA8}.Release|Any CPU.ActiveCfg = Release|Any CPU
		{3E34544E-298E-4B8A-A93F-54A4BA1D0AA8}.Release|Any CPU.Build.0 = Release|Any CPU
		{E1F24F47-A05F-488A-AD23-E75582FB80EA}.Debug|Any CPU.ActiveCfg = Debug|Any CPU
		{E1F24F47-A05F-488A-AD23-E75582FB80EA}.Debug|Any CPU.Build.0 = Debug|Any CPU
		{E1F24F47-A05F-488A-AD23-E75582FB80EA}.Release|Any CPU.ActiveCfg = Release|Any CPU
		{E1F24F47-A05F-488A-AD23-E75582FB80EA}.Release|Any CPU.Build.0 = Release|Any CPU
		{91491989-5A0E-4F6B-A792-2E5DFD5C146C}.Debug|Any CPU.ActiveCfg = Debug|Any CPU
		{91491989-5A0E-4F6B-A792-2E5DFD5C146C}.Debug|Any CPU.Build.0 = Debug|Any CPU
		{91491989-5A0E-4F6B-A792-2E5DFD5C146C}.Release|Any CPU.ActiveCfg = Release|Any CPU
		{91491989-5A0E-4F6B-A792-2E5DFD5C146C}.Release|Any CPU.Build.0 = Release|Any CPU
		{CD684E9F-0109-430C-AE82-BC9E3223CB99}.Debug|Any CPU.ActiveCfg = Debug|Any CPU
		{CD684E9F-0109-430C-AE82-BC9E3223CB99}.Debug|Any CPU.Build.0 = Debug|Any CPU
		{CD684E9F-0109-430C-AE82-BC9E3223CB99}.Release|Any CPU.ActiveCfg = Release|Any CPU
		{CD684E9F-0109-430C-AE82-BC9E3223CB99}.Release|Any CPU.Build.0 = Release|Any CPU
		{AE8F5333-3695-4DBB-8D3F-5A4DC4129574}.Debug|Any CPU.ActiveCfg = Debug|Any CPU
		{AE8F5333-3695-4DBB-8D3F-5A4DC4129574}.Debug|Any CPU.Build.0 = Debug|Any CPU
		{AE8F5333-3695-4DBB-8D3F-5A4DC4129574}.Release|Any CPU.ActiveCfg = Release|Any CPU
		{AE8F5333-3695-4DBB-8D3F-5A4DC4129574}.Release|Any CPU.Build.0 = Release|Any CPU
		{D9220C57-0C8A-4041-BB9D-0EB2765A2D07}.Debug|Any CPU.ActiveCfg = Debug|Any CPU
		{D9220C57-0C8A-4041-BB9D-0EB2765A2D07}.Debug|Any CPU.Build.0 = Debug|Any CPU
		{D9220C57-0C8A-4041-BB9D-0EB2765A2D07}.Release|Any CPU.ActiveCfg = Release|Any CPU
		{D9220C57-0C8A-4041-BB9D-0EB2765A2D07}.Release|Any CPU.Build.0 = Release|Any CPU
	EndGlobalSection
	GlobalSection(SolutionProperties) = preSolution
		HideSolutionNode = FALSE
	EndGlobalSection
	GlobalSection(NestedProjects) = preSolution
		{40B809FD-4815-4BD5-A97B-4DDBCE03AF5C} = {D3961195-63B6-43B9-8560-420BF011ED33}
		{9446A04F-3AAD-483B-9449-3B87AC387541} = {D3961195-63B6-43B9-8560-420BF011ED33}
		{72111A42-DFC6-4578-8D1E-D2BB170974DB} = {F71521F6-53BA-4DD8-BFBF-35767564C107}
		{6FA8260B-3CB8-4A91-88F3-FC8A66EDB71E} = {F71521F6-53BA-4DD8-BFBF-35767564C107}
		{FD35DC40-2A93-4D60-8CE9-625CEA088475} = {F71521F6-53BA-4DD8-BFBF-35767564C107}
		{9B933AE6-7B2A-4451-8BB5-3E71093FF03E} = {FD35DC40-2A93-4D60-8CE9-625CEA088475}
		{9EDCE6AA-C472-4945-853D-C16CC5825052} = {40B809FD-4815-4BD5-A97B-4DDBCE03AF5C}
		{DFD638C7-06E9-4BA0-BE2C-E5F59F9A4BF6} = {6FA8260B-3CB8-4A91-88F3-FC8A66EDB71E}
		{1A315883-4016-43AC-9016-371D4025C9AC} = {72111A42-DFC6-4578-8D1E-D2BB170974DB}
		{3E34544E-298E-4B8A-A93F-54A4BA1D0AA8} = {9446A04F-3AAD-483B-9449-3B87AC387541}
		{E1F24F47-A05F-488A-AD23-E75582FB80EA} = {9446A04F-3AAD-483B-9449-3B87AC387541}
		{4AB6BD46-17AE-4BDF-9845-5D01D3AC152B} = {F71521F6-53BA-4DD8-BFBF-35767564C107}
		{91491989-5A0E-4F6B-A792-2E5DFD5C146C} = {4AB6BD46-17AE-4BDF-9845-5D01D3AC152B}
		{F3D8C28C-0CFF-4556-8F18-E261841A0E11} = {D3961195-63B6-43B9-8560-420BF011ED33}
		{CD684E9F-0109-430C-AE82-BC9E3223CB99} = {F3D8C28C-0CFF-4556-8F18-E261841A0E11}
		{57844945-27F6-4187-B98E-23DAFB0CE723} = {D3961195-63B6-43B9-8560-420BF011ED33}
		{AE8F5333-3695-4DBB-8D3F-5A4DC4129574} = {57844945-27F6-4187-B98E-23DAFB0CE723}
		{D9220C57-0C8A-4041-BB9D-0EB2765A2D07} = {4AB6BD46-17AE-4BDF-9845-5D01D3AC152B}
	EndGlobalSection
	GlobalSection(ExtensibilityGlobals) = postSolution
		SolutionGuid = {11334A16-C0EA-40C6-92F9-CB3ACB46DCBD}
	EndGlobalSection
EndGlobal
